// !$*UTF8*$!
{
	archiveVersion = 1;
	classes = {
	};
	objectVersion = 55;
	objects = {

/* Begin PBXBuildFile section */
		E420F4812791EB7A005F7B23 /* AddRecipeView.swift in Sources */ = {isa = PBXBuildFile; fileRef = E420F4802791EB7A005F7B23 /* AddRecipeView.swift */; };
		E4892E6C279097D600E72570 /* HomeView.swift in Sources */ = {isa = PBXBuildFile; fileRef = E4892E6B279097D600E72570 /* HomeView.swift */; };
		E4892E6E279097F700E72570 /* CategoriesView.swift in Sources */ = {isa = PBXBuildFile; fileRef = E4892E6D279097F700E72570 /* CategoriesView.swift */; };
		E4892E702790980400E72570 /* NewRecipeView.swift in Sources */ = {isa = PBXBuildFile; fileRef = E4892E6F2790980400E72570 /* NewRecipeView.swift */; };
		E4892E722790981F00E72570 /* FavoritesView.swift in Sources */ = {isa = PBXBuildFile; fileRef = E4892E712790981F00E72570 /* FavoritesView.swift */; };
		E4892E742790983100E72570 /* SettingsView.swift in Sources */ = {isa = PBXBuildFile; fileRef = E4892E732790983100E72570 /* SettingsView.swift */; };
		E4892E7627909A5200E72570 /* TabBar.swift in Sources */ = {isa = PBXBuildFile; fileRef = E4892E7527909A5200E72570 /* TabBar.swift */; };
		E4892E7827909E0000E72570 /* RecipeModel.swift in Sources */ = {isa = PBXBuildFile; fileRef = E4892E7727909E0000E72570 /* RecipeModel.swift */; };
		E4892E7A2790A75A00E72570 /* RecipeCard.swift in Sources */ = {isa = PBXBuildFile; fileRef = E4892E792790A75A00E72570 /* RecipeCard.swift */; };
		E4892E7C2790AB4400E72570 /* RecipeList.swift in Sources */ = {isa = PBXBuildFile; fileRef = E4892E7B2790AB4400E72570 /* RecipeList.swift */; };
		E4BE194227914B53000BD841 /* RecipeView.swift in Sources */ = {isa = PBXBuildFile; fileRef = E4BE194127914B53000BD841 /* RecipeView.swift */; };
		E4BE1944279153D7000BD841 /* CategoryView.swift in Sources */ = {isa = PBXBuildFile; fileRef = E4BE1943279153D7000BD841 /* CategoryView.swift */; };
		E4BED8FC27909509003A1A0C /* RecipeSaverApp.swift in Sources */ = {isa = PBXBuildFile; fileRef = E4BED8FB27909509003A1A0C /* RecipeSaverApp.swift */; };
		E4BED8FE27909509003A1A0C /* ContentView.swift in Sources */ = {isa = PBXBuildFile; fileRef = E4BED8FD27909509003A1A0C /* ContentView.swift */; };
		E4BED9002790950B003A1A0C /* Assets.xcassets in Resources */ = {isa = PBXBuildFile; fileRef = E4BED8FF2790950B003A1A0C /* Assets.xcassets */; };
		E4BED9032790950B003A1A0C /* Preview Assets.xcassets in Resources */ = {isa = PBXBuildFile; fileRef = E4BED9022790950B003A1A0C /* Preview Assets.xcassets */; };
		E4EF171C2792B9FD00AEC766 /* RecipesViewModel.swift in Sources */ = {isa = PBXBuildFile; fileRef = E4EF171B2792B9FD00AEC766 /* RecipesViewModel.swift */; };
/* End PBXBuildFile section */

/* Begin PBXFileReference section */
		E420F4802791EB7A005F7B23 /* AddRecipeView.swift */ = {isa = PBXFileReference; lastKnownFileType = sourcecode.swift; path = AddRecipeView.swift; sourceTree = "<group>"; };
		E4892E6B279097D600E72570 /* HomeView.swift */ = {isa = PBXFileReference; lastKnownFileType = sourcecode.swift; path = HomeView.swift; sourceTree = "<group>"; };
		E4892E6D279097F700E72570 /* CategoriesView.swift */ = {isa = PBXFileReference; lastKnownFileType = sourcecode.swift; path = CategoriesView.swift; sourceTree = "<group>"; };
		E4892E6F2790980400E72570 /* NewRecipeView.swift */ = {isa = PBXFileReference; lastKnownFileType = sourcecode.swift; path = NewRecipeView.swift; sourceTree = "<group>"; };
		E4892E712790981F00E72570 /* FavoritesView.swift */ = {isa = PBXFileReference; lastKnownFileType = sourcecode.swift; path = FavoritesView.swift; sourceTree = "<group>"; };
		E4892E732790983100E72570 /* SettingsView.swift */ = {isa = PBXFileReference; lastKnownFileType = sourcecode.swift; path = SettingsView.swift; sourceTree = "<group>"; };
		E4892E7527909A5200E72570 /* TabBar.swift */ = {isa = PBXFileReference; lastKnownFileType = sourcecode.swift; path = TabBar.swift; sourceTree = "<group>"; };
		E4892E7727909E0000E72570 /* RecipeModel.swift */ = {isa = PBXFileReference; lastKnownFileType = sourcecode.swift; path = RecipeModel.swift; sourceTree = "<group>"; };
		E4892E792790A75A00E72570 /* RecipeCard.swift */ = {isa = PBXFileReference; lastKnownFileType = sourcecode.swift; path = RecipeCard.swift; sourceTree = "<group>"; };
		E4892E7B2790AB4400E72570 /* RecipeList.swift */ = {isa = PBXFileReference; lastKnownFileType = sourcecode.swift; path = RecipeList.swift; sourceTree = "<group>"; };
		E4BE194127914B53000BD841 /* RecipeView.swift */ = {isa = PBXFileReference; lastKnownFileType = sourcecode.swift; path = RecipeView.swift; sourceTree = "<group>"; };
		E4BE1943279153D7000BD841 /* CategoryView.swift */ = {isa = PBXFileReference; lastKnownFileType = sourcecode.swift; path = CategoryView.swift; sourceTree = "<group>"; };
		E4BED8F827909509003A1A0C /* RecipeSaver.app */ = {isa = PBXFileReference; explicitFileType = wrapper.application; includeInIndex = 0; path = RecipeSaver.app; sourceTree = BUILT_PRODUCTS_DIR; };
		E4BED8FB27909509003A1A0C /* RecipeSaverApp.swift */ = {isa = PBXFileReference; lastKnownFileType = sourcecode.swift; path = RecipeSaverApp.swift; sourceTree = "<group>"; };
		E4BED8FD27909509003A1A0C /* ContentView.swift */ = {isa = PBXFileReference; lastKnownFileType = sourcecode.swift; path = ContentView.swift; sourceTree = "<group>"; };
		E4BED8FF2790950B003A1A0C /* Assets.xcassets */ = {isa = PBXFileReference; lastKnownFileType = folder.assetcatalog; path = Assets.xcassets; sourceTree = "<group>"; };
		E4BED9022790950B003A1A0C /* Preview Assets.xcassets */ = {isa = PBXFileReference; lastKnownFileType = folder.assetcatalog; path = "Preview Assets.xcassets"; sourceTree = "<group>"; };
		E4EF171B2792B9FD00AEC766 /* RecipesViewModel.swift */ = {isa = PBXFileReference; lastKnownFileType = sourcecode.swift; path = RecipesViewModel.swift; sourceTree = "<group>"; };
/* End PBXFileReference section */

/* Begin PBXFrameworksBuildPhase section */
		E4BED8F527909509003A1A0C /* Frameworks */ = {
			isa = PBXFrameworksBuildPhase;
			buildActionMask = 2147483647;
			files = (
			);
			runOnlyForDeploymentPostprocessing = 0;
		};
/* End PBXFrameworksBuildPhase section */

/* Begin PBXGroup section */
		E4BED8EF27909509003A1A0C = {
			isa = PBXGroup;
			children = (
				E4BED8FA27909509003A1A0C /* RecipeSaver */,
				E4BED8F927909509003A1A0C /* Products */,
			);
			sourceTree = "<group>";
		};
		E4BED8F927909509003A1A0C /* Products */ = {
			isa = PBXGroup;
			children = (
				E4BED8F827909509003A1A0C /* RecipeSaver.app */,
			);
			name = Products;
			sourceTree = "<group>";
		};
		E4BED8FA27909509003A1A0C /* RecipeSaver */ = {
			isa = PBXGroup;
			children = (
				E4BED8FB27909509003A1A0C /* RecipeSaverApp.swift */,
				E4BED909279095F7003A1A0C /* Views */,
				E4BED90F27909658003A1A0C /* VeiwModels */,
				E4BED9102790966B003A1A0C /* Models */,
				E4BED8FF2790950B003A1A0C /* Assets.xcassets */,
				E4BED9012790950B003A1A0C /* Preview Content */,
			);
			path = RecipeSaver;
			sourceTree = "<group>";
		};
		E4BED9012790950B003A1A0C /* Preview Content */ = {
			isa = PBXGroup;
			children = (
				E4BED9022790950B003A1A0C /* Preview Assets.xcassets */,
			);
			path = "Preview Content";
			sourceTree = "<group>";
		};
		E4BED909279095F7003A1A0C /* Views */ = {
			isa = PBXGroup;
			children = (
				E4BED90A27909604003A1A0C /* Main */,
				E4BED90D27909637003A1A0C /* Detail */,
				E4BED90E27909643003A1A0C /* Componets */,
			);
			path = Views;
			sourceTree = "<group>";
		};
		E4BED90A27909604003A1A0C /* Main */ = {
			isa = PBXGroup;
			children = (
				E4BED8FD27909509003A1A0C /* ContentView.swift */,
				E4892E7527909A5200E72570 /* TabBar.swift */,
				E4892E6B279097D600E72570 /* HomeView.swift */,
				E4892E6D279097F700E72570 /* CategoriesView.swift */,
				E4892E6F2790980400E72570 /* NewRecipeView.swift */,
				E4892E712790981F00E72570 /* FavoritesView.swift */,
				E4892E732790983100E72570 /* SettingsView.swift */,
			);
			path = Main;
			sourceTree = "<group>";
		};
		E4BED90D27909637003A1A0C /* Detail */ = {
			isa = PBXGroup;
			children = (
				E4BE194127914B53000BD841 /* RecipeView.swift */,
				E4BE1943279153D7000BD841 /* CategoryView.swift */,
				E420F4802791EB7A005F7B23 /* AddRecipeView.swift */,
			);
			path = Detail;
			sourceTree = "<group>";
		};
		E4BED90E27909643003A1A0C /* Componets */ = {
			isa = PBXGroup;
			children = (
				E4892E792790A75A00E72570 /* RecipeCard.swift */,
				E4892E7B2790AB4400E72570 /* RecipeList.swift */,
			);
			path = Componets;
			sourceTree = "<group>";
		};
		E4BED90F27909658003A1A0C /* VeiwModels */ = {
			isa = PBXGroup;
			children = (
				E4EF171B2792B9FD00AEC766 /* RecipesViewModel.swift */,
			);
			path = VeiwModels;
			sourceTree = "<group>";
		};
		E4BED9102790966B003A1A0C /* Models */ = {
			isa = PBXGroup;
			children = (
				E4892E7727909E0000E72570 /* RecipeModel.swift */,
			);
			path = Models;
			sourceTree = "<group>";
		};
/* End PBXGroup section */

/* Begin PBXNativeTarget section */
		E4BED8F727909509003A1A0C /* RecipeSaver */ = {
			isa = PBXNativeTarget;
			buildConfigurationList = E4BED9062790950B003A1A0C /* Build configuration list for PBXNativeTarget "RecipeSaver" */;
			buildPhases = (
				E4BED8F427909509003A1A0C /* Sources */,
				E4BED8F527909509003A1A0C /* Frameworks */,
				E4BED8F627909509003A1A0C /* Resources */,
			);
			buildRules = (
			);
			dependencies = (
			);
			name = RecipeSaver;
			productName = RecipeSaver;
			productReference = E4BED8F827909509003A1A0C /* RecipeSaver.app */;
			productType = "com.apple.product-type.application";
		};
/* End PBXNativeTarget section */

/* Begin PBXProject section */
		E4BED8F027909509003A1A0C /* Project object */ = {
			isa = PBXProject;
			attributes = {
				BuildIndependentTargetsInParallel = 1;
				LastSwiftUpdateCheck = 1320;
				LastUpgradeCheck = 1320;
				TargetAttributes = {
					E4BED8F727909509003A1A0C = {
						CreatedOnToolsVersion = 13.2.1;
					};
				};
			};
			buildConfigurationList = E4BED8F327909509003A1A0C /* Build configuration list for PBXProject "RecipeSaver" */;
			compatibilityVersion = "Xcode 13.0";
			developmentRegion = en;
			hasScannedForEncodings = 0;
			knownRegions = (
				en,
				Base,
			);
			mainGroup = E4BED8EF27909509003A1A0C;
			productRefGroup = E4BED8F927909509003A1A0C /* Products */;
			projectDirPath = "";
			projectRoot = "";
			targets = (
				E4BED8F727909509003A1A0C /* RecipeSaver */,
			);
		};
/* End PBXProject section */

/* Begin PBXResourcesBuildPhase section */
		E4BED8F627909509003A1A0C /* Resources */ = {
			isa = PBXResourcesBuildPhase;
			buildActionMask = 2147483647;
			files = (
				E4BED9032790950B003A1A0C /* Preview Assets.xcassets in Resources */,
				E4BED9002790950B003A1A0C /* Assets.xcassets in Resources */,
			);
			runOnlyForDeploymentPostprocessing = 0;
		};
/* End PBXResourcesBuildPhase section */

/* Begin PBXSourcesBuildPhase section */
		E4BED8F427909509003A1A0C /* Sources */ = {
			isa = PBXSourcesBuildPhase;
			buildActionMask = 2147483647;
			files = (
				E420F4812791EB7A005F7B23 /* AddRecipeView.swift in Sources */,
				E4892E742790983100E72570 /* SettingsView.swift in Sources */,
				E4892E7A2790A75A00E72570 /* RecipeCard.swift in Sources */,
				E4892E6E279097F700E72570 /* CategoriesView.swift in Sources */,
				E4892E702790980400E72570 /* NewRecipeView.swift in Sources */,
				E4892E7627909A5200E72570 /* TabBar.swift in Sources */,
				E4BE1944279153D7000BD841 /* CategoryView.swift in Sources */,
				E4892E722790981F00E72570 /* FavoritesView.swift in Sources */,
				E4BE194227914B53000BD841 /* RecipeView.swift in Sources */,
				E4892E7C2790AB4400E72570 /* RecipeList.swift in Sources */,
				E4892E6C279097D600E72570 /* HomeView.swift in Sources */,
				E4BED8FE27909509003A1A0C /* ContentView.swift in Sources */,
				E4EF171C2792B9FD00AEC766 /* RecipesViewModel.swift in Sources */,
				E4BED8FC27909509003A1A0C /* RecipeSaverApp.swift in Sources */,
				E4892E7827909E0000E72570 /* RecipeModel.swift in Sources */,
			);
			runOnlyForDeploymentPostprocessing = 0;
		};
/* End PBXSourcesBuildPhase section */

/* Begin XCBuildConfiguration section */
		E4BED9042790950B003A1A0C /* Debug */ = {
			isa = XCBuildConfiguration;
			buildSettings = {
				ALWAYS_SEARCH_USER_PATHS = NO;
				CLANG_ANALYZER_NONNULL = YES;
				CLANG_ANALYZER_NUMBER_OBJECT_CONVERSION = YES_AGGRESSIVE;
				CLANG_CXX_LANGUAGE_STANDARD = "gnu++17";
				CLANG_CXX_LIBRARY = "libc++";
				CLANG_ENABLE_MODULES = YES;
				CLANG_ENABLE_OBJC_ARC = YES;
				CLANG_ENABLE_OBJC_WEAK = YES;
				CLANG_WARN_BLOCK_CAPTURE_AUTORELEASING = YES;
				CLANG_WARN_BOOL_CONVERSION = YES;
				CLANG_WARN_COMMA = YES;
				CLANG_WARN_CONSTANT_CONVERSION = YES;
				CLANG_WARN_DEPRECATED_OBJC_IMPLEMENTATIONS = YES;
				CLANG_WARN_DIRECT_OBJC_ISA_USAGE = YES_ERROR;
				CLANG_WARN_DOCUMENTATION_COMMENTS = YES;
				CLANG_WARN_EMPTY_BODY = YES;
				CLANG_WARN_ENUM_CONVERSION = YES;
				CLANG_WARN_INFINITE_RECURSION = YES;
				CLANG_WARN_INT_CONVERSION = YES;
				CLANG_WARN_NON_LITERAL_NULL_CONVERSION = YES;
				CLANG_WARN_OBJC_IMPLICIT_RETAIN_SELF = YES;
				CLANG_WARN_OBJC_LITERAL_CONVERSION = YES;
				CLANG_WARN_OBJC_ROOT_CLASS = YES_ERROR;
				CLANG_WARN_QUOTED_INCLUDE_IN_FRAMEWORK_HEADER = YES;
				CLANG_WARN_RANGE_LOOP_ANALYSIS = YES;
				CLANG_WARN_STRICT_PROTOTYPES = YES;
				CLANG_WARN_SUSPICIOUS_MOVE = YES;
				CLANG_WARN_UNGUARDED_AVAILABILITY = YES_AGGRESSIVE;
				CLANG_WARN_UNREACHABLE_CODE = YES;
				CLANG_WARN__DUPLICATE_METHOD_MATCH = YES;
				COPY_PHASE_STRIP = NO;
				DEBUG_INFORMATION_FORMAT = dwarf;
				ENABLE_STRICT_OBJC_MSGSEND = YES;
				ENABLE_TESTABILITY = YES;
				GCC_C_LANGUAGE_STANDARD = gnu11;
				GCC_DYNAMIC_NO_PIC = NO;
				GCC_NO_COMMON_BLOCKS = YES;
				GCC_OPTIMIZATION_LEVEL = 0;
				GCC_PREPROCESSOR_DEFINITIONS = (
					"DEBUG=1",
					"$(inherited)",
				);
				GCC_WARN_64_TO_32_BIT_CONVERSION = YES;
				GCC_WARN_ABOUT_RETURN_TYPE = YES_ERROR;
				GCC_WARN_UNDECLARED_SELECTOR = YES;
				GCC_WARN_UNINITIALIZED_AUTOS = YES_AGGRESSIVE;
				GCC_WARN_UNUSED_FUNCTION = YES;
				GCC_WARN_UNUSED_VARIABLE = YES;
				IPHONEOS_DEPLOYMENT_TARGET = 15.0;
				MTL_ENABLE_DEBUG_INFO = INCLUDE_SOURCE;
				MTL_FAST_MATH = YES;
				ONLY_ACTIVE_ARCH = YES;
				SDKROOT = iphoneos;
				SWIFT_ACTIVE_COMPILATION_CONDITIONS = DEBUG;
				SWIFT_OPTIMIZATION_LEVEL = "-Onone";
			};
			name = Debug;
		};
		E4BED9052790950B003A1A0C /* Release */ = {
			isa = XCBuildConfiguration;
			buildSettings = {
				ALWAYS_SEARCH_USER_PATHS = NO;
				CLANG_ANALYZER_NONNULL = YES;
				CLANG_ANALYZER_NUMBER_OBJECT_CONVERSION = YES_AGGRESSIVE;
				CLANG_CXX_LANGUAGE_STANDARD = "gnu++17";
				CLANG_CXX_LIBRARY = "libc++";
				CLANG_ENABLE_MODULES = YES;
				CLANG_ENABLE_OBJC_ARC = YES;
				CLANG_ENABLE_OBJC_WEAK = YES;
				CLANG_WARN_BLOCK_CAPTURE_AUTORELEASING = YES;
				CLANG_WARN_BOOL_CONVERSION = YES;
				CLANG_WARN_COMMA = YES;
				CLANG_WARN_CONSTANT_CONVERSION = YES;
				CLANG_WARN_DEPRECATED_OBJC_IMPLEMENTATIONS = YES;
				CLANG_WARN_DIRECT_OBJC_ISA_USAGE = YES_ERROR;
				CLANG_WARN_DOCUMENTATION_COMMENTS = YES;
				CLANG_WARN_EMPTY_BODY = YES;
				CLANG_WARN_ENUM_CONVERSION = YES;
				CLANG_WARN_INFINITE_RECURSION = YES;
				CLANG_WARN_INT_CONVERSION = YES;
				CLANG_WARN_NON_LITERAL_NULL_CONVERSION = YES;
				CLANG_WARN_OBJC_IMPLICIT_RETAIN_SELF = YES;
				CLANG_WARN_OBJC_LITERAL_CONVERSION = YES;
				CLANG_WARN_OBJC_ROOT_CLASS = YES_ERROR;
				CLANG_WARN_QUOTED_INCLUDE_IN_FRAMEWORK_HEADER = YES;
				CLANG_WARN_RANGE_LOOP_ANALYSIS = YES;
				CLANG_WARN_STRICT_PROTOTYPES = YES;
				CLANG_WARN_SUSPICIOUS_MOVE = YES;
				CLANG_WARN_UNGUARDED_AVAILABILITY = YES_AGGRESSIVE;
				CLANG_WARN_UNREACHABLE_CODE = YES;
				CLANG_WARN__DUPLICATE_METHOD_MATCH = YES;
				COPY_PHASE_STRIP = NO;
				DEBUG_INFORMATION_FORMAT = "dwarf-with-dsym";
				ENABLE_NS_ASSERTIONS = NO;
				ENABLE_STRICT_OBJC_MSGSEND = YES;
				GCC_C_LANGUAGE_STANDARD = gnu11;
				GCC_NO_COMMON_BLOCKS = YES;
				GCC_WARN_64_TO_32_BIT_CONVERSION = YES;
				GCC_WARN_ABOUT_RETURN_TYPE = YES_ERROR;
				GCC_WARN_UNDECLARED_SELECTOR = YES;
				GCC_WARN_UNINITIALIZED_AUTOS = YES_AGGRESSIVE;
				GCC_WARN_UNUSED_FUNCTION = YES;
				GCC_WARN_UNUSED_VARIABLE = YES;
				IPHONEOS_DEPLOYMENT_TARGET = 15.0;
				MTL_ENABLE_DEBUG_INFO = NO;
				MTL_FAST_MATH = YES;
				SDKROOT = iphoneos;
				SWIFT_COMPILATION_MODE = wholemodule;
				SWIFT_OPTIMIZATION_LEVEL = "-O";
				VALIDATE_PRODUCT = YES;
			};
			name = Release;
		};
		E4BED9072790950B003A1A0C /* Debug */ = {
			isa = XCBuildConfiguration;
			buildSettings = {
				ASSETCATALOG_COMPILER_APPICON_NAME = AppIcon;
				ASSETCATALOG_COMPILER_GLOBAL_ACCENT_COLOR_NAME = AccentColor;
				CODE_SIGN_STYLE = Automatic;
				CURRENT_PROJECT_VERSION = 1;
				DEVELOPMENT_ASSET_PATHS = "\"RecipeSaver/Preview Content\"";
				DEVELOPMENT_TEAM = 886P2647AV;
				ENABLE_PREVIEWS = YES;
				GENERATE_INFOPLIST_FILE = YES;
				INFOPLIST_KEY_UIApplicationSceneManifest_Generation = YES;
				INFOPLIST_KEY_UIApplicationSupportsIndirectInputEvents = YES;
				INFOPLIST_KEY_UILaunchScreen_Generation = YES;
				INFOPLIST_KEY_UISupportedInterfaceOrientations_iPad = "UIInterfaceOrientationPortrait UIInterfaceOrientationPortraitUpsideDown UIInterfaceOrientationLandscapeLeft UIInterfaceOrientationLandscapeRight";
				INFOPLIST_KEY_UISupportedInterfaceOrientations_iPhone = "UIInterfaceOrientationPortrait UIInterfaceOrientationLandscapeLeft UIInterfaceOrientationLandscapeRight";
				LD_RUNPATH_SEARCH_PATHS = (
					"$(inherited)",
					"@executable_path/Frameworks",
				);
				MARKETING_VERSION = 1.0;
				PRODUCT_BUNDLE_IDENTIFIER = io.ronchang.RecipeSaver;
				PRODUCT_NAME = "$(TARGET_NAME)";
				SWIFT_EMIT_LOC_STRINGS = YES;
				SWIFT_VERSION = 5.0;
				TARGETED_DEVICE_FAMILY = "1,2";
			};
			name = Debug;
		};
		E4BED9082790950B003A1A0C /* Release */ = {
			isa = XCBuildConfiguration;
			buildSettings = {
				ASSETCATALOG_COMPILER_APPICON_NAME = AppIcon;
				ASSETCATALOG_COMPILER_GLOBAL_ACCENT_COLOR_NAME = AccentColor;
				CODE_SIGN_STYLE = Automatic;
				CURRENT_PROJECT_VERSION = 1;
				DEVELOPMENT_ASSET_PATHS = "\"RecipeSaver/Preview Content\"";
				DEVELOPMENT_TEAM = 886P2647AV;
				ENABLE_PREVIEWS = YES;
				GENERATE_INFOPLIST_FILE = YES;
				INFOPLIST_KEY_UIApplicationSceneManifest_Generation = YES;
				INFOPLIST_KEY_UIApplicationSupportsIndirectInputEvents = YES;
				INFOPLIST_KEY_UILaunchScreen_Generation = YES;
				INFOPLIST_KEY_UISupportedInterfaceOrientations_iPad = "UIInterfaceOrientationPortrait UIInterfaceOrientationPortraitUpsideDown UIInterfaceOrientationLandscapeLeft UIInterfaceOrientationLandscapeRight";
				INFOPLIST_KEY_UISupportedInterfaceOrientations_iPhone = "UIInterfaceOrientationPortrait UIInterfaceOrientationLandscapeLeft UIInterfaceOrientationLandscapeRight";
				LD_RUNPATH_SEARCH_PATHS = (
					"$(inherited)",
					"@executable_path/Frameworks",
				);
				MARKETING_VERSION = 1.0;
				PRODUCT_BUNDLE_IDENTIFIER = io.ronchang.RecipeSaver;
				PRODUCT_NAME = "$(TARGET_NAME)";
				SWIFT_EMIT_LOC_STRINGS = YES;
				SWIFT_VERSION = 5.0;
				TARGETED_DEVICE_FAMILY = "1,2";
			};
			name = Release;
		};
/* End XCBuildConfiguration section */

/* Begin XCConfigurationList section */
		E4BED8F327909509003A1A0C /* Build configuration list for PBXProject "RecipeSaver" */ = {
			isa = XCConfigurationList;
			buildConfigurations = (
				E4BED9042790950B003A1A0C /* Debug */,
				E4BED9052790950B003A1A0C /* Release */,
			);
			defaultConfigurationIsVisible = 0;
			defaultConfigurationName = Release;
		};
		E4BED9062790950B003A1A0C /* Build configuration list for PBXNativeTarget "RecipeSaver" */ = {
			isa = XCConfigurationList;
			buildConfigurations = (
				E4BED9072790950B003A1A0C /* Debug */,
				E4BED9082790950B003A1A0C /* Release */,
			);
			defaultConfigurationIsVisible = 0;
			defaultConfigurationName = Release;
		};
/* End XCConfigurationList section */
	};
	rootObject = E4BED8F027909509003A1A0C /* Project object */;
}
